{
  "originHash" : "f5c4e7dc60e276517e80f46401fb17e2df132d9aabc11a6c8e84fbaf97d2fb6a",
  "pins" : [
    {
      "identity" : "metacodable",
      "kind" : "remoteSourceControl",
      "location" : "https://github.com/SwiftyLab/MetaCodable.git",
      "state" : {
        "revision" : "3d4bfeb949c0f31ef80fdc3af8f77c5b35ecaea4"
      }
    },
    {
      "identity" : "swift-argument-parser",
      "kind" : "remoteSourceControl",
      "location" : "https://github.com/apple/swift-argument-parser.git",
      "state" : {
        "revision" : "6a52f3251125d74daf04fcbd5e6f08a75d074382",
        "version" : "1.8.2"
      }
    },
    {
      "identity" : "swift-collections",
      "kind" : "remoteSourceControl",
      "location" : "https://github.com/apple/swift-collections.git",
      "state" : {
        "revision" : "a0cb0954ecb21e4e31b0070e6ed5674e8556685a",
        "version" : "1.6.0"
      }
    },
    {
      "identity" : "swift-syntax",
      "kind" : "remoteSourceControl",
      "location" : "https://github.com/swiftlang/swift-syntax.git",
      "state" : {
        "revision" : "79e4b74a295b6eb74a8b585e3a39d29e70c1dbd1",
        "version" : "603.0.2"
      }
    },
    {
      "identity" : "webrtc-xcframework",
      "kind" : "remoteSourceControl",
      "location" : "https://github.com/livekit/webrtc-xcframework.git",
      "state" : {
        "revision" : "46f2af86f06b9a8a9158d37cadda5cb5a214e4c4"
      }
    }
  ],
  "version" : 3
}
